// !$*UTF8*$!
{
	archiveVersion = 1;
	classes = {
	};
	objectVersion = 50;
	objects = {

/* Begin PBXBuildFile section */
		8EADB9CD2336A02E00638774 /* screenshot.png in Resources */ = {isa = PBXBuildFile; fileRef = 8EADB9CC2336A02E00638774 /* screenshot.png */; };
		8EB307AB233650F7006E5213 /* AppDelegate.swift in Sources */ = {isa = PBXBuildFile; fileRef = 8EB307AA233650F7006E5213 /* AppDelegate.swift */; };
		8EB307AD233650F7006E5213 /* ViewController.swift in Sources */ = {isa = PBXBuildFile; fileRef = 8EB307AC233650F7006E5213 /* ViewController.swift */; };
		8EB307B0233650F7006E5213 /* Main.storyboard in Resources */ = {isa = PBXBuildFile; fileRef = 8EB307AE233650F7006E5213 /* Main.storyboard */; };
		8EB307B2233650F9006E5213 /* Assets.xcassets in Resources */ = {isa = PBXBuildFile; fileRef = 8EB307B1233650F9006E5213 /* Assets.xcassets */; };
		8EB307B5233650F9006E5213 /* LaunchScreen.storyboard in Resources */ = {isa = PBXBuildFile; fileRef = 8EB307B3233650F9006E5213 /* LaunchScreen.storyboard */; };
		8EB307C0233650F9006E5213 /* BarCodeGeneratorTests.swift in Sources */ = {isa = PBXBuildFile; fileRef = 8EB307BF233650F9006E5213 /* BarCodeGeneratorTests.swift */; };
		8EB307DA2336533D006E5213 /* ImageProvider.swift in Sources */ = {isa = PBXBuildFile; fileRef = 8EB307D92336533D006E5213 /* ImageProvider.swift */; };
		8EB307DE233654D4006E5213 /* BarCodeProvider.swift in Sources */ = {isa = PBXBuildFile; fileRef = 8EB307DD233654D4006E5213 /* BarCodeProvider.swift */; };
		8EB307E02336569A006E5213 /* StringProvider.swift in Sources */ = {isa = PBXBuildFile; fileRef = 8EB307DF2336569A006E5213 /* StringProvider.swift */; };
		8EB307E22336575E006E5213 /* RandomStringGenerator.swift in Sources */ = {isa = PBXBuildFile; fileRef = 8EB307E12336575E006E5213 /* RandomStringGenerator.swift */; };
		8EB307E42336582C006E5213 /* RandomStringGeneratorTests.swift in Sources */ = {isa = PBXBuildFile; fileRef = 8EB307E32336582C006E5213 /* RandomStringGeneratorTests.swift */; };
		8EB307E723365B37006E5213 /* UIImageExtensions.swift in Sources */ = {isa = PBXBuildFile; fileRef = 8EB307E623365B37006E5213 /* UIImageExtensions.swift */; };
		8EB307E923365D64006E5213 /* UIViewControllerExtensions.swift in Sources */ = {isa = PBXBuildFile; fileRef = 8EB307E823365D64006E5213 /* UIViewControllerExtensions.swift */; };
		8EB307EB233661E2006E5213 /* UIImageTests.swift in Sources */ = {isa = PBXBuildFile; fileRef = 8EB307EA233661E2006E5213 /* UIImageTests.swift */; };
		8EB307ED23366630006E5213 /* CodeTypeSelector.swift in Sources */ = {isa = PBXBuildFile; fileRef = 8EB307EC23366630006E5213 /* CodeTypeSelector.swift */; };
		8EB307EF233666EE006E5213 /* CodeType.swift in Sources */ = {isa = PBXBuildFile; fileRef = 8EB307EE233666EE006E5213 /* CodeType.swift */; };
		8EB307F123366E54006E5213 /* CodeTypeTests.swift in Sources */ = {isa = PBXBuildFile; fileRef = 8EB307F023366E54006E5213 /* CodeTypeTests.swift */; };
		8EB307F323367A74006E5213 /* BarCodeProviderTests.swift in Sources */ = {isa = PBXBuildFile; fileRef = 8EB307F223367A74006E5213 /* BarCodeProviderTests.swift */; };
/* End PBXBuildFile section */

/* Begin PBXContainerItemProxy section */
		8EB307BC233650F9006E5213 /* PBXContainerItemProxy */ = {
			isa = PBXContainerItemProxy;
			containerPortal = 8EB3079F233650F7006E5213 /* Project object */;
			proxyType = 1;
			remoteGlobalIDString = 8EB307A6233650F7006E5213;
			remoteInfo = BarCodeGenerator;
		};
/* End PBXContainerItemProxy section */

/* Begin PBXFileReference section */
		8EADB9CA23369D8200638774 /* README.md */ = {isa = PBXFileReference; lastKnownFileType = net.daringfireball.markdown; path = README.md; sourceTree = "<group>"; };
		8EADB9CC2336A02E00638774 /* screenshot.png */ = {isa = PBXFileReference; lastKnownFileType = image.png; path = screenshot.png; sourceTree = "<group>"; };
		8EB307A7233650F7006E5213 /* BarCodeGenerator.app */ = {isa = PBXFileReference; explicitFileType = wrapper.application; includeInIndex = 0; path = BarCodeGenerator.app; sourceTree = BUILT_PRODUCTS_DIR; };
		8EB307AA233650F7006E5213 /* AppDelegate.swift */ = {isa = PBXFileReference; lastKnownFileType = sourcecode.swift; path = AppDelegate.swift; sourceTree = "<group>"; };
		8EB307AC233650F7006E5213 /* ViewController.swift */ = {isa = PBXFileReference; lastKnownFileType = sourcecode.swift; path = ViewController.swift; sourceTree = "<group>"; };
		8EB307AF233650F7006E5213 /* Base */ = {isa = PBXFileReference; lastKnownFileType = file.storyboard; name = Base; path = Base.lproj/Main.storyboard; sourceTree = "<group>"; };
		8EB307B1233650F9006E5213 /* Assets.xcassets */ = {isa = PBXFileReference; lastKnownFileType = folder.assetcatalog; path = Assets.xcassets; sourceTree = "<group>"; };
		8EB307B4233650F9006E5213 /* Base */ = {isa = PBXFileReference; lastKnownFileType = file.storyboard; name = Base; path = Base.lproj/LaunchScreen.storyboard; sourceTree = "<group>"; };
		8EB307B6233650F9006E5213 /* Info.plist */ = {isa = PBXFileReference; lastKnownFileType = text.plist.xml; path = Info.plist; sourceTree = "<group>"; };
		8EB307BB233650F9006E5213 /* BarCodeGeneratorTests.xctest */ = {isa = PBXFileReference; explicitFileType = wrapper.cfbundle; includeInIndex = 0; path = BarCodeGeneratorTests.xctest; sourceTree = BUILT_PRODUCTS_DIR; };
		8EB307BF233650F9006E5213 /* BarCodeGeneratorTests.swift */ = {isa = PBXFileReference; lastKnownFileType = sourcecode.swift; path = BarCodeGeneratorTests.swift; sourceTree = "<group>"; };
		8EB307C1233650F9006E5213 /* Info.plist */ = {isa = PBXFileReference; lastKnownFileType = text.plist.xml; path = Info.plist; sourceTree = "<group>"; };
		8EB307D92336533D006E5213 /* ImageProvider.swift */ = {isa = PBXFileReference; lastKnownFileType = sourcecode.swift; path = ImageProvider.swift; sourceTree = "<group>"; };
		8EB307DD233654D4006E5213 /* BarCodeProvider.swift */ = {isa = PBXFileReference; lastKnownFileType = sourcecode.swift; path = BarCodeProvider.swift; sourceTree = "<group>"; };
		8EB307DF2336569A006E5213 /* StringProvider.swift */ = {isa = PBXFileReference; lastKnownFileType = sourcecode.swift; path = StringProvider.swift; sourceTree = "<group>"; };
		8EB307E12336575E006E5213 /* RandomStringGenerator.swift */ = {isa = PBXFileReference; lastKnownFileType = sourcecode.swift; path = RandomStringGenerator.swift; sourceTree = "<group>"; };
		8EB307E32336582C006E5213 /* RandomStringGeneratorTests.swift */ = {isa = PBXFileReference; lastKnownFileType = sourcecode.swift; path = RandomStringGeneratorTests.swift; sourceTree = "<group>"; };
		8EB307E623365B37006E5213 /* UIImageExtensions.swift */ = {isa = PBXFileReference; lastKnownFileType = sourcecode.swift; path = UIImageExtensions.swift; sourceTree = "<group>"; };
		8EB307E823365D64006E5213 /* UIViewControllerExtensions.swift */ = {isa = PBXFileReference; lastKnownFileType = sourcecode.swift; path = UIViewControllerExtensions.swift; sourceTree = "<group>"; };
		8EB307EA233661E2006E5213 /* UIImageTests.swift */ = {isa = PBXFileReference; lastKnownFileType = sourcecode.swift; path = UIImageTests.swift; sourceTree = "<group>"; };
		8EB307EC23366630006E5213 /* CodeTypeSelector.swift */ = {isa = PBXFileReference; lastKnownFileType = sourcecode.swift; path = CodeTypeSelector.swift; sourceTree = "<group>"; };
		8EB307EE233666EE006E5213 /* CodeType.swift */ = {isa = PBXFileReference; lastKnownFileType = sourcecode.swift; path = CodeType.swift; sourceTree = "<group>"; };
		8EB307F023366E54006E5213 /* CodeTypeTests.swift */ = {isa = PBXFileReference; lastKnownFileType = sourcecode.swift; path = CodeTypeTests.swift; sourceTree = "<group>"; };
		8EB307F223367A74006E5213 /* BarCodeProviderTests.swift */ = {isa = PBXFileReference; lastKnownFileType = sourcecode.swift; path = BarCodeProviderTests.swift; sourceTree = "<group>"; };
/* End PBXFileReference section */

/* Begin PBXFrameworksBuildPhase section */
		8EB307A4233650F7006E5213 /* Frameworks */ = {
			isa = PBXFrameworksBuildPhase;
			buildActionMask = 2147483647;
			files = (
			);
			runOnlyForDeploymentPostprocessing = 0;
		};
		8EB307B8233650F9006E5213 /* Frameworks */ = {
			isa = PBXFrameworksBuildPhase;
			buildActionMask = 2147483647;
			files = (
			);
			runOnlyForDeploymentPostprocessing = 0;
		};
/* End PBXFrameworksBuildPhase section */

/* Begin PBXGroup section */
		8EB3079E233650F7006E5213 = {
			isa = PBXGroup;
			children = (
				8EB307A9233650F7006E5213 /* BarCodeGenerator */,
				8EADB9CA23369D8200638774 /* README.md */,
				8EADB9CC2336A02E00638774 /* screenshot.png */,
				8EB307BE233650F9006E5213 /* BarCodeGeneratorTests */,
				8EB307A8233650F7006E5213 /* Products */,
			);
			sourceTree = "<group>";
		};
		8EB307A8233650F7006E5213 /* Products */ = {
			isa = PBXGroup;
			children = (
				8EB307A7233650F7006E5213 /* BarCodeGenerator.app */,
				8EB307BB233650F9006E5213 /* BarCodeGeneratorTests.xctest */,
			);
			name = Products;
			sourceTree = "<group>";
		};
		8EB307A9233650F7006E5213 /* BarCodeGenerator */ = {
			isa = PBXGroup;
			children = (
				8EB307AA233650F7006E5213 /* AppDelegate.swift */,
				8EB307AE233650F7006E5213 /* Main.storyboard */,
				8EB307AC233650F7006E5213 /* ViewController.swift */,
				8EB307D8233652E4006E5213 /* Models */,
				8EB307E523365AD0006E5213 /* Extensions */,
				8EB307B1233650F9006E5213 /* Assets.xcassets */,
				8EB307B3233650F9006E5213 /* LaunchScreen.storyboard */,
				8EB307B6233650F9006E5213 /* Info.plist */,
			);
			path = BarCodeGenerator;
			sourceTree = "<group>";
		};
		8EB307BE233650F9006E5213 /* BarCodeGeneratorTests */ = {
			isa = PBXGroup;
			children = (
				8EB307BF233650F9006E5213 /* BarCodeGeneratorTests.swift */,
				8EB307E32336582C006E5213 /* RandomStringGeneratorTests.swift */,
				8EB307EA233661E2006E5213 /* UIImageTests.swift */,
				8EB307F023366E54006E5213 /* CodeTypeTests.swift */,
				8EB307F223367A74006E5213 /* BarCodeProviderTests.swift */,
				8EB307C1233650F9006E5213 /* Info.plist */,
			);
			path = BarCodeGeneratorTests;
			sourceTree = "<group>";
		};
		8EB307D8233652E4006E5213 /* Models */ = {
			isa = PBXGroup;
			children = (
				8EB307D92336533D006E5213 /* ImageProvider.swift */,
				8EB307DF2336569A006E5213 /* StringProvider.swift */,
				8EB307DD233654D4006E5213 /* BarCodeProvider.swift */,
				8EB307E12336575E006E5213 /* RandomStringGenerator.swift */,
				8EB307EC23366630006E5213 /* CodeTypeSelector.swift */,
				8EB307EE233666EE006E5213 /* CodeType.swift */,
			);
			path = Models;
			sourceTree = "<group>";
		};
		8EB307E523365AD0006E5213 /* Extensions */ = {
			isa = PBXGroup;
			children = (
				8EB307E623365B37006E5213 /* UIImageExtensions.swift */,
				8EB307E823365D64006E5213 /* UIViewControllerExtensions.swift */,
			);
			path = Extensions;
			sourceTree = "<group>";
		};
/* End PBXGroup section */

/* Begin PBXNativeTarget section */
		8EB307A6233650F7006E5213 /* BarCodeGenerator */ = {
			isa = PBXNativeTarget;
			buildConfigurationList = 8EB307CF233650F9006E5213 /* Build configuration list for PBXNativeTarget "BarCodeGenerator" */;
			buildPhases = (
				8EB307A3233650F7006E5213 /* Sources */,
				8EB307A4233650F7006E5213 /* Frameworks */,
				8EB307A5233650F7006E5213 /* Resources */,
			);
			buildRules = (
			);
			dependencies = (
			);
			name = BarCodeGenerator;
			productName = BarCodeGenerator;
			productReference = 8EB307A7233650F7006E5213 /* BarCodeGenerator.app */;
			productType = "com.apple.product-type.application";
		};
		8EB307BA233650F9006E5213 /* BarCodeGeneratorTests */ = {
			isa = PBXNativeTarget;
			buildConfigurationList = 8EB307D2233650F9006E5213 /* Build configuration list for PBXNativeTarget "BarCodeGeneratorTests" */;
			buildPhases = (
				8EB307B7233650F9006E5213 /* Sources */,
				8EB307B8233650F9006E5213 /* Frameworks */,
				8EB307B9233650F9006E5213 /* Resources */,
			);
			buildRules = (
			);
			dependencies = (
				8EB307BD233650F9006E5213 /* PBXTargetDependency */,
			);
			name = BarCodeGeneratorTests;
			productName = BarCodeGeneratorTests;
			productReference = 8EB307BB233650F9006E5213 /* BarCodeGeneratorTests.xctest */;
			productType = "com.apple.product-type.bundle.unit-test";
		};
/* End PBXNativeTarget section */

/* Begin PBXProject section */
		8EB3079F233650F7006E5213 /* Project object */ = {
			isa = PBXProject;
			attributes = {
				LastSwiftUpdateCheck = 1030;
				LastUpgradeCheck = 1030;
				ORGANIZATIONNAME = "Mu-Sonic";
				TargetAttributes = {
					8EB307A6233650F7006E5213 = {
						CreatedOnToolsVersion = 10.3;
					};
					8EB307BA233650F9006E5213 = {
						CreatedOnToolsVersion = 10.3;
						TestTargetID = 8EB307A6233650F7006E5213;
					};
				};
			};
			buildConfigurationList = 8EB307A2233650F7006E5213 /* Build configuration list for PBXProject "BarCodeGenerator" */;
			compatibilityVersion = "Xcode 9.3";
			developmentRegion = en;
			hasScannedForEncodings = 0;
			knownRegions = (
				en,
				Base,
			);
			mainGroup = 8EB3079E233650F7006E5213;
			productRefGroup = 8EB307A8233650F7006E5213 /* Products */;
			projectDirPath = "";
			projectRoot = "";
			targets = (
				8EB307A6233650F7006E5213 /* BarCodeGenerator */,
				8EB307BA233650F9006E5213 /* BarCodeGeneratorTests */,
			);
		};
/* End PBXProject section */

/* Begin PBXResourcesBuildPhase section */
		8EB307A5233650F7006E5213 /* Resources */ = {
			isa = PBXResourcesBuildPhase;
			buildActionMask = 2147483647;
			files = (
				8EB307B5233650F9006E5213 /* LaunchScreen.storyboard in Resources */,
				8EB307B2233650F9006E5213 /* Assets.xcassets in Resources */,
				8EB307B0233650F7006E5213 /* Main.storyboard in Resources */,
				8EADB9CD2336A02E00638774 /* screenshot.png in Resources */,
			);
			runOnlyForDeploymentPostprocessing = 0;
		};
		8EB307B9233650F9006E5213 /* Resources */ = {
			isa = PBXResourcesBuildPhase;
			buildActionMask = 2147483647;
			files = (
			);
			runOnlyForDeploymentPostprocessing = 0;
		};
/* End PBXResourcesBuildPhase section */

/* Begin PBXSourcesBuildPhase section */
		8EB307A3233650F7006E5213 /* Sources */ = {
			isa = PBXSourcesBuildPhase;
			buildActionMask = 2147483647;
			files = (
				8EB307AD233650F7006E5213 /* ViewController.swift in Sources */,
				8EB307E22336575E006E5213 /* RandomStringGenerator.swift in Sources */,
				8EB307DE233654D4006E5213 /* BarCodeProvider.swift in Sources */,
				8EB307ED23366630006E5213 /* CodeTypeSelector.swift in Sources */,
				8EB307E723365B37006E5213 /* UIImageExtensions.swift in Sources */,
				8EB307E923365D64006E5213 /* UIViewControllerExtensions.swift in Sources */,
				8EB307EF233666EE006E5213 /* CodeType.swift in Sources */,
				8EB307AB233650F7006E5213 /* AppDelegate.swift in Sources */,
				8EB307DA2336533D006E5213 /* ImageProvider.swift in Sources */,
				8EB307E02336569A006E5213 /* StringProvider.swift in Sources */,
			);
			runOnlyForDeploymentPostprocessing = 0;
		};
		8EB307B7233650F9006E5213 /* Sources */ = {
			isa = PBXSourcesBuildPhase;
			buildActionMask = 2147483647;
			files = (
				8EB307F323367A74006E5213 /* BarCodeProviderTests.swift in Sources */,
				8EB307E42336582C006E5213 /* RandomStringGeneratorTests.swift in Sources */,
				8EB307C0233650F9006E5213 /* BarCodeGeneratorTests.swift in Sources */,
				8EB307F123366E54006E5213 /* CodeTypeTests.swift in Sources */,
				8EB307EB233661E2006E5213 /* UIImageTests.swift in Sources */,
			);
			runOnlyForDeploymentPostprocessing = 0;
		};
/* End PBXSourcesBuildPhase section */

/* Begin PBXTargetDependency section */
		8EB307BD233650F9006E5213 /* PBXTargetDependency */ = {
			isa = PBXTargetDependency;
			target = 8EB307A6233650F7006E5213 /* BarCodeGenerator */;
			targetProxy = 8EB307BC233650F9006E5213 /* PBXContainerItemProxy */;
		};
/* End PBXTargetDependency section */

/* Begin PBXVariantGroup section */
		8EB307AE233650F7006E5213 /* Main.storyboard */ = {
			isa = PBXVariantGroup;
			children = (
				8EB307AF233650F7006E5213 /* Base */,
			);
			name = Main.storyboard;
			sourceTree = "<group>";
		};
		8EB307B3233650F9006E5213 /* LaunchScreen.storyboard */ = {
			isa = PBXVariantGroup;
			children = (
				8EB307B4233650F9006E5213 /* Base */,
			);
			name = LaunchScreen.storyboard;
			sourceTree = "<group>";
		};
/* End PBXVariantGroup section */

/* Begin XCBuildConfiguration section */
		8EB307CD233650F9006E5213 /* Debug */ = {
			isa = XCBuildConfiguration;
			buildSettings = {
				ALWAYS_SEARCH_USER_PATHS = NO;
				CLANG_ANALYZER_NONNULL = YES;
				CLANG_ANALYZER_NUMBER_OBJECT_CONVERSION = YES_AGGRESSIVE;
				CLANG_CXX_LANGUAGE_STANDARD = "gnu++14";
				CLANG_CXX_LIBRARY = "libc++";
				CLANG_ENABLE_MODULES = YES;
				CLANG_ENABLE_OBJC_ARC = YES;
				CLANG_ENABLE_OBJC_WEAK = YES;
				CLANG_WARN_BLOCK_CAPTURE_AUTORELEASING = YES;
				CLANG_WARN_BOOL_CONVERSION = YES;
				CLANG_WARN_COMMA = YES;
				CLANG_WARN_CONSTANT_CONVERSION = YES;
				CLANG_WARN_DEPRECATED_OBJC_IMPLEMENTATIONS = YES;
				CLANG_WARN_DIRECT_OBJC_ISA_USAGE = YES_ERROR;
				CLANG_WARN_DOCUMENTATION_COMMENTS = YES;
				CLANG_WARN_EMPTY_BODY = YES;
				CLANG_WARN_ENUM_CONVERSION = YES;
				CLANG_WARN_INFINITE_RECURSION = YES;
				CLANG_WARN_INT_CONVERSION = YES;
				CLANG_WARN_NON_LITERAL_NULL_CONVERSION = YES;
				CLANG_WARN_OBJC_IMPLICIT_RETAIN_SELF = YES;
				CLANG_WARN_OBJC_LITERAL_CONVERSION = YES;
				CLANG_WARN_OBJC_ROOT_CLASS = YES_ERROR;
				CLANG_WARN_RANGE_LOOP_ANALYSIS = YES;
				CLANG_WARN_STRICT_PROTOTYPES = YES;
				CLANG_WARN_SUSPICIOUS_MOVE = YES;
				CLANG_WARN_UNGUARDED_AVAILABILITY = YES_AGGRESSIVE;
				CLANG_WARN_UNREACHABLE_CODE = YES;
				CLANG_WARN__DUPLICATE_METHOD_MATCH = YES;
				CODE_SIGN_IDENTITY = "iPhone Developer";
				COPY_PHASE_STRIP = NO;
				DEBUG_INFORMATION_FORMAT = dwarf;
				ENABLE_STRICT_OBJC_MSGSEND = YES;
				ENABLE_TESTABILITY = YES;
				GCC_C_LANGUAGE_STANDARD = gnu11;
				GCC_DYNAMIC_NO_PIC = NO;
				GCC_NO_COMMON_BLOCKS = YES;
				GCC_OPTIMIZATION_LEVEL = 0;
				GCC_PREPROCESSOR_DEFINITIONS = (
					"DEBUG=1",
					"$(inherited)",
				);
				GCC_WARN_64_TO_32_BIT_CONVERSION = YES;
				GCC_WARN_ABOUT_RETURN_TYPE = YES_ERROR;
				GCC_WARN_UNDECLARED_SELECTOR = YES;
				GCC_WARN_UNINITIALIZED_AUTOS = YES_AGGRESSIVE;
				GCC_WARN_UNUSED_FUNCTION = YES;
				GCC_WARN_UNUSED_VARIABLE = YES;
				IPHONEOS_DEPLOYMENT_TARGET = 12.4;
				MTL_ENABLE_DEBUG_INFO = INCLUDE_SOURCE;
				MTL_FAST_MATH = YES;
				ONLY_ACTIVE_ARCH = YES;
				SDKROOT = iphoneos;
				SWIFT_ACTIVE_COMPILATION_CONDITIONS = DEBUG;
				SWIFT_OPTIMIZATION_LEVEL = "-Onone";
			};
			name = Debug;
		};
		8EB307CE233650F9006E5213 /* Release */ = {
			isa = XCBuildConfiguration;
			buildSettings = {
				ALWAYS_SEARCH_USER_PATHS = NO;
				CLANG_ANALYZER_NONNULL = YES;
				CLANG_ANALYZER_NUMBER_OBJECT_CONVERSION = YES_AGGRESSIVE;
				CLANG_CXX_LANGUAGE_STANDARD = "gnu++14";
				CLANG_CXX_LIBRARY = "libc++";
				CLANG_ENABLE_MODULES = YES;
				CLANG_ENABLE_OBJC_ARC = YES;
				CLANG_ENABLE_OBJC_WEAK = YES;
				CLANG_WARN_BLOCK_CAPTURE_AUTORELEASING = YES;
				CLANG_WARN_BOOL_CONVERSION = YES;
				CLANG_WARN_COMMA = YES;
				CLANG_WARN_CONSTANT_CONVERSION = YES;
				CLANG_WARN_DEPRECATED_OBJC_IMPLEMENTATIONS = YES;
				CLANG_WARN_DIRECT_OBJC_ISA_USAGE = YES_ERROR;
				CLANG_WARN_DOCUMENTATION_COMMENTS = YES;
				CLANG_WARN_EMPTY_BODY = YES;
				CLANG_WARN_ENUM_CONVERSION = YES;
				CLANG_WARN_INFINITE_RECURSION = YES;
				CLANG_WARN_INT_CONVERSION = YES;
				CLANG_WARN_NON_LITERAL_NULL_CONVERSION = YES;
				CLANG_WARN_OBJC_IMPLICIT_RETAIN_SELF = YES;
				CLANG_WARN_OBJC_LITERAL_CONVERSION = YES;
				CLANG_WARN_OBJC_ROOT_CLASS = YES_ERROR;
				CLANG_WARN_RANGE_LOOP_ANALYSIS = YES;
				CLANG_WARN_STRICT_PROTOTYPES = YES;
				CLANG_WARN_SUSPICIOUS_MOVE = YES;
				CLANG_WARN_UNGUARDED_AVAILABILITY = YES_AGGRESSIVE;
				CLANG_WARN_UNREACHABLE_CODE = YES;
				CLANG_WARN__DUPLICATE_METHOD_MATCH = YES;
				CODE_SIGN_IDENTITY = "iPhone Developer";
				COPY_PHASE_STRIP = NO;
				DEBUG_INFORMATION_FORMAT = "dwarf-with-dsym";
				ENABLE_NS_ASSERTIONS = NO;
				ENABLE_STRICT_OBJC_MSGSEND = YES;
				GCC_C_LANGUAGE_STANDARD = gnu11;
				GCC_NO_COMMON_BLOCKS = YES;
				GCC_WARN_64_TO_32_BIT_CONVERSION = YES;
				GCC_WARN_ABOUT_RETURN_TYPE = YES_ERROR;
				GCC_WARN_UNDECLARED_SELECTOR = YES;
				GCC_WARN_UNINITIALIZED_AUTOS = YES_AGGRESSIVE;
				GCC_WARN_UNUSED_FUNCTION = YES;
				GCC_WARN_UNUSED_VARIABLE = YES;
				IPHONEOS_DEPLOYMENT_TARGET = 12.4;
				MTL_ENABLE_DEBUG_INFO = NO;
				MTL_FAST_MATH = YES;
				SDKROOT = iphoneos;
				SWIFT_COMPILATION_MODE = wholemodule;
				SWIFT_OPTIMIZATION_LEVEL = "-O";
				VALIDATE_PRODUCT = YES;
			};
			name = Release;
		};
		8EB307D0233650F9006E5213 /* Debug */ = {
			isa = XCBuildConfiguration;
			buildSettings = {
				ASSETCATALOG_COMPILER_APPICON_NAME = AppIcon;
				CODE_SIGN_STYLE = Automatic;
				DEVELOPMENT_TEAM = T39MG9MKF5;
				INFOPLIST_FILE = BarCodeGenerator/Info.plist;
				LD_RUNPATH_SEARCH_PATHS = (
					"$(inherited)",
					"@executable_path/Frameworks",
				);
				PRODUCT_BUNDLE_IDENTIFIER = "com.mu-sonic.BarCodeGenerator";
				PRODUCT_NAME = "$(TARGET_NAME)";
				SWIFT_VERSION = 5.0;
				TARGETED_DEVICE_FAMILY = "1,2";
			};
			name = Debug;
		};
		8EB307D1233650F9006E5213 /* Release */ = {
			isa = XCBuildConfiguration;
			buildSettings = {
				ASSETCATALOG_COMPILER_APPICON_NAME = AppIcon;
				CODE_SIGN_STYLE = Automatic;
				DEVELOPMENT_TEAM = T39MG9MKF5;
				INFOPLIST_FILE = BarCodeGenerator/Info.plist;
				LD_RUNPATH_SEARCH_PATHS = (
					"$(inherited)",
					"@executable_path/Frameworks",
				);
				PRODUCT_BUNDLE_IDENTIFIER = "com.mu-sonic.BarCodeGenerator";
				PRODUCT_NAME = "$(TARGET_NAME)";
				SWIFT_VERSION = 5.0;
				TARGETED_DEVICE_FAMILY = "1,2";
			};
			name = Release;
		};
		8EB307D3233650F9006E5213 /* Debug */ = {
			isa = XCBuildConfiguration;
			buildSettings = {
				ALWAYS_EMBED_SWIFT_STANDARD_LIBRARIES = YES;
				BUNDLE_LOADER = "$(TEST_HOST)";
				CODE_SIGN_STYLE = Automatic;
				DEVELOPMENT_TEAM = T39MG9MKF5;
				INFOPLIST_FILE = BarCodeGeneratorTests/Info.plist;
				LD_RUNPATH_SEARCH_PATHS = (
					"$(inherited)",
					"@executable_path/Frameworks",
					"@loader_path/Frameworks",
				);
				PRODUCT_BUNDLE_IDENTIFIER = "com.mu-sonic.BarCodeGeneratorTests";
				PRODUCT_NAME = "$(TARGET_NAME)";
				SWIFT_VERSION = 5.0;
				TARGETED_DEVICE_FAMILY = "1,2";
				TEST_HOST = "$(BUILT_PRODUCTS_DIR)/BarCodeGenerator.app/BarCodeGenerator";
			};
			name = Debug;
		};
		8EB307D4233650F9006E5213 /* Release */ = {
			isa = XCBuildConfiguration;
			buildSettings = {
				ALWAYS_EMBED_SWIFT_STANDARD_LIBRARIES = YES;
				BUNDLE_LOADER = "$(TEST_HOST)";
				CODE_SIGN_STYLE = Automatic;
				DEVELOPMENT_TEAM = T39MG9MKF5;
				INFOPLIST_FILE = BarCodeGeneratorTests/Info.plist;
				LD_RUNPATH_SEARCH_PATHS = (
					"$(inherited)",
					"@executable_path/Frameworks",
					"@loader_path/Frameworks",
				);
				PRODUCT_BUNDLE_IDENTIFIER = "com.mu-sonic.BarCodeGeneratorTests";
				PRODUCT_NAME = "$(TARGET_NAME)";
				SWIFT_VERSION = 5.0;
				TARGETED_DEVICE_FAMILY = "1,2";
				TEST_HOST = "$(BUILT_PRODUCTS_DIR)/BarCodeGenerator.app/BarCodeGenerator";
			};
			name = Release;
		};
/* End XCBuildConfiguration section */

/* Begin XCConfigurationList section */
		8EB307A2233650F7006E5213 /* Build configuration list for PBXProject "BarCodeGenerator" */ = {
			isa = XCConfigurationList;
			buildConfigurations = (
				8EB307CD233650F9006E5213 /* Debug */,
				8EB307CE233650F9006E5213 /* Release */,
			);
			defaultConfigurationIsVisible = 0;
			defaultConfigurationName = Release;
		};
		8EB307CF233650F9006E5213 /* Build configuration list for PBXNativeTarget "BarCodeGenerator" */ = {
			isa = XCConfigurationList;
			buildConfigurations = (
				8EB307D0233650F9006E5213 /* Debug */,
				8EB307D1233650F9006E5213 /* Release */,
			);
			defaultConfigurationIsVisible = 0;
			defaultConfigurationName = Release;
		};
		8EB307D2233650F9006E5213 /* Build configuration list for PBXNativeTarget "BarCodeGeneratorTests" */ = {
			isa = XCConfigurationList;
			buildConfigurations = (
				8EB307D3233650F9006E5213 /* Debug */,
				8EB307D4233650F9006E5213 /* Release */,
			);
			defaultConfigurationIsVisible = 0;
			defaultConfigurationName = Release;
		};
/* End XCConfigurationList section */
	};
	rootObject = 8EB3079F233650F7006E5213 /* Project object */;
}
